
Microsoft Visual Studio Solution File, Format Version 12.00
# Visual Studio 14
VisualStudioVersion = 14.0.23107.0
MinimumVisualStudioVersion = 10.0.40219.1
Project("{581633EB-B896-402F-8E60-36F3DA191C85}") = "CloudBusinessApp1", "CloudBusinessApp1\CloudBusinessApp1.lsxtproj", "{85CCD5AA-C897-428D-A3D6-9CEC2AA1BE52}"
EndProject
Project("{FAE04EC0-301F-11D3-BF4B-00C04F79EFBC}") = "CloudBusinessApp1.Server", "CloudBusinessApp1\CloudBusinessApp1.Server\CloudBusinessApp1.Server.csproj", "{DDD4E090-CB00-4905-9786-8815D7403E58}"
EndProject
Project("{262852C6-CD72-467D-83FE-5EEB1973A190}") = "CloudBusinessApp1.HTMLClient", "CloudBusinessApp1\CloudBusinessApp1.HTMLClient\CloudBusinessApp1.HTMLClient.jsproj", "{6243474E-5817-4230-B0B9-4CFBD7DEB545}"
EndProject
Project("{FAE04EC0-301F-11D3-BF4B-00C04F79EFBC}") = "CloudBusinessApp1.SharePoint", "CloudBusinessApp1\CloudBusinessApp1.SharePoint\CloudBusinessApp1.SharePoint.csproj", "{04EC9677-DCC5-40AA-83FC-89264433EDA4}"
EndProject
Global
	GlobalSection(SolutionConfigurationPlatforms) = preSolution
		Debug|Any CPU = Debug|Any CPU
		Release|Any CPU = Release|Any CPU
	EndGlobalSection
	GlobalSection(ProjectConfigurationPlatforms) = postSolution
		{85CCD5AA-C897-428D-A3D6-9CEC2AA1BE52}.Debug|Any CPU.ActiveCfg = Debug|Any CPU
		{85CCD5AA-C897-428D-A3D6-9CEC2AA1BE52}.Debug|Any CPU.Build.0 = Debug|Any CPU
		{85CCD5AA-C897-428D-A3D6-9CEC2AA1BE52}.Release|Any CPU.ActiveCfg = Release|Any CPU
		{85CCD5AA-C897-428D-A3D6-9CEC2AA1BE52}.Release|Any CPU.Build.0 = Release|Any CPU
		{DDD4E090-CB00-4905-9786-8815D7403E58}.Debug|Any CPU.ActiveCfg = Debug|Any CPU
		{DDD4E090-CB00-4905-9786-8815D7403E58}.Debug|Any CPU.Build.0 = Debug|Any CPU
		{DDD4E090-CB00-4905-9786-8815D7403E58}.Release|Any CPU.ActiveCfg = Release|Any CPU
		{DDD4E090-CB00-4905-9786-8815D7403E58}.Release|Any CPU.Build.0 = Release|Any CPU
		{6243474E-5817-4230-B0B9-4CFBD7DEB545}.Debug|Any CPU.ActiveCfg = Debug|Any CPU
		{6243474E-5817-4230-B0B9-4CFBD7DEB545}.Debug|Any CPU.Build.0 = Debug|Any CPU
		{6243474E-5817-4230-B0B9-4CFBD7DEB545}.Release|Any CPU.ActiveCfg = Release|Any CPU
		{6243474E-5817-4230-B0B9-4CFBD7DEB545}.Release|Any CPU.Build.0 = Release|Any CPU
		{04EC9677-DCC5-40AA-83FC-89264433EDA4}.Debug|Any CPU.ActiveCfg = Debug|Any CPU
		{04EC9677-DCC5-40AA-83FC-89264433EDA4}.Debug|Any CPU.Build.0 = Debug|Any CPU
		{04EC9677-DCC5-40AA-83FC-89264433EDA4}.Debug|Any CPU.Deploy.0 = Debug|Any CPU
		{04EC9677-DCC5-40AA-83FC-89264433EDA4}.Release|Any CPU.ActiveCfg = Release|Any CPU
		{04EC9677-DCC5-40AA-83FC-89264433EDA4}.Release|Any CPU.Build.0 = Release|Any CPU
		{04EC9677-DCC5-40AA-83FC-89264433EDA4}.Release|Any CPU.Deploy.0 = Release|Any CPU
	EndGlobalSection
	GlobalSection(SolutionProperties) = preSolution
		HideSolutionNode = FALSE
	EndGlobalSection
EndGlobal
